// !$*UTF8*$!
{
	archiveVersion = 1;
	classes = {
	};
	objectVersion = 50;
	objects = {

/* Begin PBXBuildFile section */
		D8824424280090FE00BA0DB3 /* AppDelegate.swift in Sources */ = {isa = PBXBuildFile; fileRef = D8824423280090FE00BA0DB3 /* AppDelegate.swift */; };
		D8824426280090FE00BA0DB3 /* SceneDelegate.swift in Sources */ = {isa = PBXBuildFile; fileRef = D8824425280090FE00BA0DB3 /* SceneDelegate.swift */; };
		D882442B280090FE00BA0DB3 /* Main.storyboard in Resources */ = {isa = PBXBuildFile; fileRef = D8824429280090FE00BA0DB3 /* Main.storyboard */; };
		D882442D280090FF00BA0DB3 /* Assets.xcassets in Resources */ = {isa = PBXBuildFile; fileRef = D882442C280090FF00BA0DB3 /* Assets.xcassets */; };
		D8824430280090FF00BA0DB3 /* LaunchScreen.storyboard in Resources */ = {isa = PBXBuildFile; fileRef = D882442E280090FF00BA0DB3 /* LaunchScreen.storyboard */; };
		D88244412800991500BA0DB3 /* Movie.swift in Sources */ = {isa = PBXBuildFile; fileRef = D88244402800991500BA0DB3 /* Movie.swift */; };
		D88244442800992900BA0DB3 /* MovieController.swift in Sources */ = {isa = PBXBuildFile; fileRef = D88244432800992900BA0DB3 /* MovieController.swift */; };
		D88244472800997300BA0DB3 /* MovieTableViewController.swift in Sources */ = {isa = PBXBuildFile; fileRef = D88244462800997300BA0DB3 /* MovieTableViewController.swift */; };
		D882444A280099AE00BA0DB3 /* MovieTableViewCell.swift in Sources */ = {isa = PBXBuildFile; fileRef = D8824449280099AE00BA0DB3 /* MovieTableViewCell.swift */; };
		D88244512800D11000BA0DB3 /* MovieError.swift in Sources */ = {isa = PBXBuildFile; fileRef = D88244502800D11000BA0DB3 /* MovieError.swift */; };
/* End PBXBuildFile section */

/* Begin PBXFileReference section */
		D8824420280090FE00BA0DB3 /* MovieSearch.app */ = {isa = PBXFileReference; explicitFileType = wrapper.application; includeInIndex = 0; path = MovieSearch.app; sourceTree = BUILT_PRODUCTS_DIR; };
		D8824423280090FE00BA0DB3 /* AppDelegate.swift */ = {isa = PBXFileReference; lastKnownFileType = sourcecode.swift; path = AppDelegate.swift; sourceTree = "<group>"; };
		D8824425280090FE00BA0DB3 /* SceneDelegate.swift */ = {isa = PBXFileReference; lastKnownFileType = sourcecode.swift; path = SceneDelegate.swift; sourceTree = "<group>"; };
		D882442A280090FE00BA0DB3 /* Base */ = {isa = PBXFileReference; lastKnownFileType = file.storyboard; name = Base; path = Base.lproj/Main.storyboard; sourceTree = "<group>"; };
		D882442C280090FF00BA0DB3 /* Assets.xcassets */ = {isa = PBXFileReference; lastKnownFileType = folder.assetcatalog; path = Assets.xcassets; sourceTree = "<group>"; };
		D882442F280090FF00BA0DB3 /* Base */ = {isa = PBXFileReference; lastKnownFileType = file.storyboard; name = Base; path = Base.lproj/LaunchScreen.storyboard; sourceTree = "<group>"; };
		D8824431280090FF00BA0DB3 /* Info.plist */ = {isa = PBXFileReference; lastKnownFileType = text.plist.xml; path = Info.plist; sourceTree = "<group>"; };
		D88244402800991500BA0DB3 /* Movie.swift */ = {isa = PBXFileReference; lastKnownFileType = sourcecode.swift; path = Movie.swift; sourceTree = "<group>"; };
		D88244432800992900BA0DB3 /* MovieController.swift */ = {isa = PBXFileReference; lastKnownFileType = sourcecode.swift; path = MovieController.swift; sourceTree = "<group>"; };
		D88244462800997300BA0DB3 /* MovieTableViewController.swift */ = {isa = PBXFileReference; lastKnownFileType = sourcecode.swift; path = MovieTableViewController.swift; sourceTree = "<group>"; };
		D8824449280099AE00BA0DB3 /* MovieTableViewCell.swift */ = {isa = PBXFileReference; lastKnownFileType = sourcecode.swift; path = MovieTableViewCell.swift; sourceTree = "<group>"; };
		D88244502800D11000BA0DB3 /* MovieError.swift */ = {isa = PBXFileReference; lastKnownFileType = sourcecode.swift; path = MovieError.swift; sourceTree = "<group>"; };
/* End PBXFileReference section */

/* Begin PBXFrameworksBuildPhase section */
		D882441D280090FE00BA0DB3 /* Frameworks */ = {
			isa = PBXFrameworksBuildPhase;
			buildActionMask = 2147483647;
			files = (
			);
			runOnlyForDeploymentPostprocessing = 0;
		};
/* End PBXFrameworksBuildPhase section */

/* Begin PBXGroup section */
		D8824417280090FE00BA0DB3 = {
			isa = PBXGroup;
			children = (
				D8824422280090FE00BA0DB3 /* MovieSearch */,
				D8824421280090FE00BA0DB3 /* Products */,
			);
			sourceTree = "<group>";
		};
		D8824421280090FE00BA0DB3 /* Products */ = {
			isa = PBXGroup;
			children = (
				D8824420280090FE00BA0DB3 /* MovieSearch.app */,
			);
			name = Products;
			sourceTree = "<group>";
		};
		D8824422280090FE00BA0DB3 /* MovieSearch */ = {
			isa = PBXGroup;
			children = (
				D882443D2800916A00BA0DB3 /* Models */,
				D882443C2800915E00BA0DB3 /* ModelControllers */,
				D882443B2800915200BA0DB3 /* ViewControllers */,
				D882443A2800914700BA0DB3 /* Views */,
				D88244392800913600BA0DB3 /* HelperFiles */,
				D88244382800912800BA0DB3 /* Resources */,
				D8824431280090FF00BA0DB3 /* Info.plist */,
			);
			path = MovieSearch;
			sourceTree = "<group>";
		};
		D88244382800912800BA0DB3 /* Resources */ = {
			isa = PBXGroup;
			children = (
				D8824423280090FE00BA0DB3 /* AppDelegate.swift */,
				D8824425280090FE00BA0DB3 /* SceneDelegate.swift */,
				D882442C280090FF00BA0DB3 /* Assets.xcassets */,
			);
			path = Resources;
			sourceTree = "<group>";
		};
		D88244392800913600BA0DB3 /* HelperFiles */ = {
			isa = PBXGroup;
			children = (
				D88244502800D11000BA0DB3 /* MovieError.swift */,
			);
			path = HelperFiles;
			sourceTree = "<group>";
		};
		D882443A2800914700BA0DB3 /* Views */ = {
			isa = PBXGroup;
			children = (
				D8824429280090FE00BA0DB3 /* Main.storyboard */,
				D882442E280090FF00BA0DB3 /* LaunchScreen.storyboard */,
			);
			path = Views;
			sourceTree = "<group>";
		};
		D882443B2800915200BA0DB3 /* ViewControllers */ = {
			isa = PBXGroup;
			children = (
				D88244462800997300BA0DB3 /* MovieTableViewController.swift */,
				D8824449280099AE00BA0DB3 /* MovieTableViewCell.swift */,
			);
			path = ViewControllers;
			sourceTree = "<group>";
		};
		D882443C2800915E00BA0DB3 /* ModelControllers */ = {
			isa = PBXGroup;
			children = (
				D88244432800992900BA0DB3 /* MovieController.swift */,
			);
			path = ModelControllers;
			sourceTree = "<group>";
		};
		D882443D2800916A00BA0DB3 /* Models */ = {
			isa = PBXGroup;
			children = (
				D88244402800991500BA0DB3 /* Movie.swift */,
			);
			path = Models;
			sourceTree = "<group>";
		};
/* End PBXGroup section */

/* Begin PBXNativeTarget section */
		D882441F280090FE00BA0DB3 /* MovieSearch */ = {
			isa = PBXNativeTarget;
			buildConfigurationList = D8824434280090FF00BA0DB3 /* Build configuration list for PBXNativeTarget "MovieSearch" */;
			buildPhases = (
				D882441C280090FE00BA0DB3 /* Sources */,
				D882441D280090FE00BA0DB3 /* Frameworks */,
				D882441E280090FE00BA0DB3 /* Resources */,
			);
			buildRules = (
			);
			dependencies = (
			);
			name = MovieSearch;
			productName = MovieSearch;
			productReference = D8824420280090FE00BA0DB3 /* MovieSearch.app */;
			productType = "com.apple.product-type.application";
		};
/* End PBXNativeTarget section */

/* Begin PBXProject section */
		D8824418280090FE00BA0DB3 /* Project object */ = {
			isa = PBXProject;
			attributes = {
				LastSwiftUpdateCheck = 1240;
				LastUpgradeCheck = 1240;
				TargetAttributes = {
					D882441F280090FE00BA0DB3 = {
						CreatedOnToolsVersion = 12.4;
					};
				};
			};
			buildConfigurationList = D882441B280090FE00BA0DB3 /* Build configuration list for PBXProject "MovieSearch" */;
			compatibilityVersion = "Xcode 9.3";
			developmentRegion = en;
			hasScannedForEncodings = 0;
			knownRegions = (
				en,
				Base,
			);
			mainGroup = D8824417280090FE00BA0DB3;
			productRefGroup = D8824421280090FE00BA0DB3 /* Products */;
			projectDirPath = "";
			projectRoot = "";
			targets = (
				D882441F280090FE00BA0DB3 /* MovieSearch */,
			);
		};
/* End PBXProject section */

/* Begin PBXResourcesBuildPhase section */
		D882441E280090FE00BA0DB3 /* Resources */ = {
			isa = PBXResourcesBuildPhase;
			buildActionMask = 2147483647;
			files = (
				D8824430280090FF00BA0DB3 /* LaunchScreen.storyboard in Resources */,
				D882442D280090FF00BA0DB3 /* Assets.xcassets in Resources */,
				D882442B280090FE00BA0DB3 /* Main.storyboard in Resources */,
			);
			runOnlyForDeploymentPostprocessing = 0;
		};
/* End PBXResourcesBuildPhase section */

/* Begin PBXSourcesBuildPhase section */
		D882441C280090FE00BA0DB3 /* Sources */ = {
			isa = PBXSourcesBuildPhase;
			buildActionMask = 2147483647;
			files = (
				D88244472800997300BA0DB3 /* MovieTableViewController.swift in Sources */,
				D88244442800992900BA0DB3 /* MovieController.swift in Sources */,
				D882444A280099AE00BA0DB3 /* MovieTableViewCell.swift in Sources */,
				D8824424280090FE00BA0DB3 /* AppDelegate.swift in Sources */,
				D8824426280090FE00BA0DB3 /* SceneDelegate.swift in Sources */,
				D88244512800D11000BA0DB3 /* MovieError.swift in Sources */,
				D88244412800991500BA0DB3 /* Movie.swift in Sources */,
			);
			runOnlyForDeploymentPostprocessing = 0;
		};
/* End PBXSourcesBuildPhase section */

/* Begin PBXVariantGroup section */
		D8824429280090FE00BA0DB3 /* Main.storyboard */ = {
			isa = PBXVariantGroup;
			children = (
				D882442A280090FE00BA0DB3 /* Base */,
			);
			name = Main.storyboard;
			sourceTree = "<group>";
		};
		D882442E280090FF00BA0DB3 /* LaunchScreen.storyboard */ = {
			isa = PBXVariantGroup;
			children = (
				D882442F280090FF00BA0DB3 /* Base */,
			);
			name = LaunchScreen.storyboard;
			sourceTree = "<group>";
		};
/* End PBXVariantGroup section */

/* Begin XCBuildConfiguration section */
		D8824432280090FF00BA0DB3 /* Debug */ = {
			isa = XCBuildConfiguration;
			buildSettings = {
				ALWAYS_SEARCH_USER_PATHS = NO;
				CLANG_ANALYZER_NONNULL = YES;
				CLANG_ANALYZER_NUMBER_OBJECT_CONVERSION = YES_AGGRESSIVE;
				CLANG_CXX_LANGUAGE_STANDARD = "gnu++14";
				CLANG_CXX_LIBRARY = "libc++";
				CLANG_ENABLE_MODULES = YES;
				CLANG_ENABLE_OBJC_ARC = YES;
				CLANG_ENABLE_OBJC_WEAK = YES;
				CLANG_WARN_BLOCK_CAPTURE_AUTORELEASING = YES;
				CLANG_WARN_BOOL_CONVERSION = YES;
				CLANG_WARN_COMMA = YES;
				CLANG_WARN_CONSTANT_CONVERSION = YES;
				CLANG_WARN_DEPRECATED_OBJC_IMPLEMENTATIONS = YES;
				CLANG_WARN_DIRECT_OBJC_ISA_USAGE = YES_ERROR;
				CLANG_WARN_DOCUMENTATION_COMMENTS = YES;
				CLANG_WARN_EMPTY_BODY = YES;
				CLANG_WARN_ENUM_CONVERSION = YES;
				CLANG_WARN_INFINITE_RECURSION = YES;
				CLANG_WARN_INT_CONVERSION = YES;
				CLANG_WARN_NON_LITERAL_NULL_CONVERSION = YES;
				CLANG_WARN_OBJC_IMPLICIT_RETAIN_SELF = YES;
				CLANG_WARN_OBJC_LITERAL_CONVERSION = YES;
				CLANG_WARN_OBJC_ROOT_CLASS = YES_ERROR;
				CLANG_WARN_QUOTED_INCLUDE_IN_FRAMEWORK_HEADER = YES;
				CLANG_WARN_RANGE_LOOP_ANALYSIS = YES;
				CLANG_WARN_STRICT_PROTOTYPES = YES;
				CLANG_WARN_SUSPICIOUS_MOVE = YES;
				CLANG_WARN_UNGUARDED_AVAILABILITY = YES_AGGRESSIVE;
				CLANG_WARN_UNREACHABLE_CODE = YES;
				CLANG_WARN__DUPLICATE_METHOD_MATCH = YES;
				COPY_PHASE_STRIP = NO;
				DEBUG_INFORMATION_FORMAT = dwarf;
				ENABLE_STRICT_OBJC_MSGSEND = YES;
				ENABLE_TESTABILITY = YES;
				GCC_C_LANGUAGE_STANDARD = gnu11;
				GCC_DYNAMIC_NO_PIC = NO;
				GCC_NO_COMMON_BLOCKS = YES;
				GCC_OPTIMIZATION_LEVEL = 0;
				GCC_PREPROCESSOR_DEFINITIONS = (
					"DEBUG=1",
					"$(inherited)",
				);
				GCC_WARN_64_TO_32_BIT_CONVERSION = YES;
				GCC_WARN_ABOUT_RETURN_TYPE = YES_ERROR;
				GCC_WARN_UNDECLARED_SELECTOR = YES;
				GCC_WARN_UNINITIALIZED_AUTOS = YES_AGGRESSIVE;
				GCC_WARN_UNUSED_FUNCTION = YES;
				GCC_WARN_UNUSED_VARIABLE = YES;
				IPHONEOS_DEPLOYMENT_TARGET = 14.4;
				MTL_ENABLE_DEBUG_INFO = INCLUDE_SOURCE;
				MTL_FAST_MATH = YES;
				ONLY_ACTIVE_ARCH = YES;
				SDKROOT = iphoneos;
				SWIFT_ACTIVE_COMPILATION_CONDITIONS = DEBUG;
				SWIFT_OPTIMIZATION_LEVEL = "-Onone";
			};
			name = Debug;
		};
		D8824433280090FF00BA0DB3 /* Release */ = {
			isa = XCBuildConfiguration;
			buildSettings = {
				ALWAYS_SEARCH_USER_PATHS = NO;
				CLANG_ANALYZER_NONNULL = YES;
				CLANG_ANALYZER_NUMBER_OBJECT_CONVERSION = YES_AGGRESSIVE;
				CLANG_CXX_LANGUAGE_STANDARD = "gnu++14";
				CLANG_CXX_LIBRARY = "libc++";
				CLANG_ENABLE_MODULES = YES;
				CLANG_ENABLE_OBJC_ARC = YES;
				CLANG_ENABLE_OBJC_WEAK = YES;
				CLANG_WARN_BLOCK_CAPTURE_AUTORELEASING = YES;
				CLANG_WARN_BOOL_CONVERSION = YES;
				CLANG_WARN_COMMA = YES;
				CLANG_WARN_CONSTANT_CONVERSION = YES;
				CLANG_WARN_DEPRECATED_OBJC_IMPLEMENTATIONS = YES;
				CLANG_WARN_DIRECT_OBJC_ISA_USAGE = YES_ERROR;
				CLANG_WARN_DOCUMENTATION_COMMENTS = YES;
				CLANG_WARN_EMPTY_BODY = YES;
				CLANG_WARN_ENUM_CONVERSION = YES;
				CLANG_WARN_INFINITE_RECURSION = YES;
				CLANG_WARN_INT_CONVERSION = YES;
				CLANG_WARN_NON_LITERAL_NULL_CONVERSION = YES;
				CLANG_WARN_OBJC_IMPLICIT_RETAIN_SELF = YES;
				CLANG_WARN_OBJC_LITERAL_CONVERSION = YES;
				CLANG_WARN_OBJC_ROOT_CLASS = YES_ERROR;
				CLANG_WARN_QUOTED_INCLUDE_IN_FRAMEWORK_HEADER = YES;
				CLANG_WARN_RANGE_LOOP_ANALYSIS = YES;
				CLANG_WARN_STRICT_PROTOTYPES = YES;
				CLANG_WARN_SUSPICIOUS_MOVE = YES;
				CLANG_WARN_UNGUARDED_AVAILABILITY = YES_AGGRESSIVE;
				CLANG_WARN_UNREACHABLE_CODE = YES;
				CLANG_WARN__DUPLICATE_METHOD_MATCH = YES;
				COPY_PHASE_STRIP = NO;
				DEBUG_INFORMATION_FORMAT = "dwarf-with-dsym";
				ENABLE_NS_ASSERTIONS = NO;
				ENABLE_STRICT_OBJC_MSGSEND = YES;
				GCC_C_LANGUAGE_STANDARD = gnu11;
				GCC_NO_COMMON_BLOCKS = YES;
				GCC_WARN_64_TO_32_BIT_CONVERSION = YES;
				GCC_WARN_ABOUT_RETURN_TYPE = YES_ERROR;
				GCC_WARN_UNDECLARED_SELECTOR = YES;
				GCC_WARN_UNINITIALIZED_AUTOS = YES_AGGRESSIVE;
				GCC_WARN_UNUSED_FUNCTION = YES;
				GCC_WARN_UNUSED_VARIABLE = YES;
				IPHONEOS_DEPLOYMENT_TARGET = 14.4;
				MTL_ENABLE_DEBUG_INFO = NO;
				MTL_FAST_MATH = YES;
				SDKROOT = iphoneos;
				SWIFT_COMPILATION_MODE = wholemodule;
				SWIFT_OPTIMIZATION_LEVEL = "-O";
				VALIDATE_PRODUCT = YES;
			};
			name = Release;
		};
		D8824435280090FF00BA0DB3 /* Debug */ = {
			isa = XCBuildConfiguration;
			buildSettings = {
				ASSETCATALOG_COMPILER_APPICON_NAME = AppIcon;
				ASSETCATALOG_COMPILER_GLOBAL_ACCENT_COLOR_NAME = AccentColor;
				CODE_SIGN_STYLE = Automatic;
				DEVELOPMENT_TEAM = 7M5K84SZSD;
				INFOPLIST_FILE = MovieSearch/Info.plist;
				LD_RUNPATH_SEARCH_PATHS = (
					"$(inherited)",
					"@executable_path/Frameworks",
				);
				PRODUCT_BUNDLE_IDENTIFIER = com.KeithMair.MovieSearch;
				PRODUCT_NAME = "$(TARGET_NAME)";
				SWIFT_VERSION = 5.0;
				TARGETED_DEVICE_FAMILY = "1,2";
			};
			name = Debug;
		};
		D8824436280090FF00BA0DB3 /* Release */ = {
			isa = XCBuildConfiguration;
			buildSettings = {
				ASSETCATALOG_COMPILER_APPICON_NAME = AppIcon;
				ASSETCATALOG_COMPILER_GLOBAL_ACCENT_COLOR_NAME = AccentColor;
				CODE_SIGN_STYLE = Automatic;
				DEVELOPMENT_TEAM = 7M5K84SZSD;
				INFOPLIST_FILE = MovieSearch/Info.plist;
				LD_RUNPATH_SEARCH_PATHS = (
					"$(inherited)",
					"@executable_path/Frameworks",
				);
				PRODUCT_BUNDLE_IDENTIFIER = com.KeithMair.MovieSearch;
				PRODUCT_NAME = "$(TARGET_NAME)";
				SWIFT_VERSION = 5.0;
				TARGETED_DEVICE_FAMILY = "1,2";
			};
			name = Release;
		};
/* End XCBuildConfiguration section */

/* Begin XCConfigurationList section */
		D882441B280090FE00BA0DB3 /* Build configuration list for PBXProject "MovieSearch" */ = {
			isa = XCConfigurationList;
			buildConfigurations = (
				D8824432280090FF00BA0DB3 /* Debug */,
				D8824433280090FF00BA0DB3 /* Release */,
			);
			defaultConfigurationIsVisible = 0;
			defaultConfigurationName = Release;
		};
		D8824434280090FF00BA0DB3 /* Build configuration list for PBXNativeTarget "MovieSearch" */ = {
			isa = XCConfigurationList;
			buildConfigurations = (
				D8824435280090FF00BA0DB3 /* Debug */,
				D8824436280090FF00BA0DB3 /* Release */,
			);
			defaultConfigurationIsVisible = 0;
			defaultConfigurationName = Release;
		};
/* End XCConfigurationList section */
	};
	rootObject = D8824418280090FE00BA0DB3 /* Project object */;
}
